
Microsoft Visual Studio Solution File, Format Version 12.00
# Visual Studio Version 17
VisualStudioVersion = 17.5.33516.290
MinimumVisualStudioVersion = 10.0.40219.1
Project("{FAE04EC0-301F-11D3-BF4B-00C04F79EFBC}") = "miniHttpServer_console_middleware", "miniHttpServer_console_middleware\miniHttpServer_console_middleware.csproj", "{521663C4-A684-4A61-8DCE-165166F9E42B}"
EndProject
Global
	GlobalSection(SolutionConfigurationPlatforms) = preSolution
		Debug|Any CPU = Debug|Any CPU
		Release|Any CPU = Release|Any CPU
	EndGlobalSection
	GlobalSection(ProjectConfigurationPlatforms) = postSolution
		{521663C4-A684-4A61-8DCE-165166F9E42B}.Debug|Any CPU.ActiveCfg = Debug|Any CPU
		{521663C4-A684-4A61-8DCE-165166F9E42B}.Debug|Any CPU.Build.0 = Debug|Any CPU
		{521663C4-A684-4A61-8DCE-165166F9E42B}.Release|Any CPU.ActiveCfg = Release|Any CPU
		{521663C4-A684-4A61-8DCE-165166F9E42B}.Release|Any CPU.Build.0 = Release|Any CPU
	EndGlobalSection
	GlobalSection(SolutionProperties) = preSolution
		HideSolutionNode = FALSE
	EndGlobalSection
	GlobalSection(ExtensibilityGlobals) = postSolution
		SolutionGuid = {886619F7-CC41-4175-B13B-0BF1B06F4D5F}
	EndGlobalSection
EndGlobal
